
Microsoft Visual Studio Solution File, Format Version 12.00
Project("{FAE04EC0-301F-11D3-BF4B-00C04F79EFBC}") = "CrudAPI", "CrudAPI\CrudAPI.csproj", "{F7156F24-B456-4014-B3FF-591A3739E2C6}"
EndProject
Global
	GlobalSection(SolutionConfigurationPlatforms) = preSolution
		Debug|Any CPU = Debug|Any CPU
		Release|Any CPU = Release|Any CPU
	EndGlobalSection
	GlobalSection(ProjectConfigurationPlatforms) = postSolution
		{F7156F24-B456-4014-B3FF-591A3739E2C6}.Debug|Any CPU.ActiveCfg = Debug|Any CPU
		{F7156F24-B456-4014-B3FF-591A3739E2C6}.Debug|Any CPU.Build.0 = Debug|Any CPU
		{F7156F24-B456-4014-B3FF-591A3739E2C6}.Release|Any CPU.ActiveCfg = Release|Any CPU
		{F7156F24-B456-4014-B3FF-591A3739E2C6}.Release|Any CPU.Build.0 = Release|Any CPU
	EndGlobalSection
EndGlobal
